
Microsoft Visual Studio Solution File, Format Version 12.00
# Visual Studio Version 16
VisualStudioVersion = 16.0.32002.261
MinimumVisualStudioVersion = 10.0.40219.1
Project("{FAE04EC0-301F-11D3-BF4B-00C04F79EFBC}") = "SauceDemoTestAutomation", "SauceDemoTestAutomation\SauceDemoTestAutomation.csproj", "{926E5D96-4DB5-43D9-A999-1BD457ED2060}"
EndProject
Global
	GlobalSection(SolutionConfigurationPlatforms) = preSolution
		Debug|Any CPU = Debug|Any CPU
		Release|Any CPU = Release|Any CPU
	EndGlobalSection
	GlobalSection(ProjectConfigurationPlatforms) = postSolution
		{926E5D96-4DB5-43D9-A999-1BD457ED2060}.Debug|Any CPU.ActiveCfg = Debug|Any CPU
		{926E5D96-4DB5-43D9-A999-1BD457ED2060}.Debug|Any CPU.Build.0 = Debug|Any CPU
		{926E5D96-4DB5-43D9-A999-1BD457ED2060}.Release|Any CPU.ActiveCfg = Release|Any CPU
		{926E5D96-4DB5-43D9-A999-1BD457ED2060}.Release|Any CPU.Build.0 = Release|Any CPU
	EndGlobalSection
	GlobalSection(SolutionProperties) = preSolution
		HideSolutionNode = FALSE
	EndGlobalSection
	GlobalSection(ExtensibilityGlobals) = postSolution
		SolutionGuid = {1A5C92E3-FE7B-46AA-A2A3-73E5FFF4842F}
	EndGlobalSection
EndGlobal
